// !$*UTF8*$!
{
	archiveVersion = 1;
	classes = {
	};
	objectVersion = 50;
	objects = {

/* Begin PBXBuildFile section */
		C2E04F92239AD2BE00B39195 /* AirportsNearbyPresenter.swift in Sources */ = {isa = PBXBuildFile; fileRef = C2E04F8C239AD2BE00B39195 /* AirportsNearbyPresenter.swift */; };
		C2E04F93239AD2BE00B39195 /* AirportsNearbyWorker.swift in Sources */ = {isa = PBXBuildFile; fileRef = C2E04F8D239AD2BE00B39195 /* AirportsNearbyWorker.swift */; };
		C2E04F94239AD2BE00B39195 /* AirportsNearbyRouter.swift in Sources */ = {isa = PBXBuildFile; fileRef = C2E04F8E239AD2BE00B39195 /* AirportsNearbyRouter.swift */; };
		C2E04F95239AD2BE00B39195 /* AirportsNearbyModels.swift in Sources */ = {isa = PBXBuildFile; fileRef = C2E04F8F239AD2BE00B39195 /* AirportsNearbyModels.swift */; };
		C2E04F96239AD2BE00B39195 /* AirportsNearbyViewController.swift in Sources */ = {isa = PBXBuildFile; fileRef = C2E04F90239AD2BE00B39195 /* AirportsNearbyViewController.swift */; };
		C2E04F97239AD2BE00B39195 /* AirportsNearbyInteractor.swift in Sources */ = {isa = PBXBuildFile; fileRef = C2E04F91239AD2BE00B39195 /* AirportsNearbyInteractor.swift */; };
		C2E04F99239AD3FD00B39195 /* ALConstants.swift in Sources */ = {isa = PBXBuildFile; fileRef = C2E04F98239AD3FD00B39195 /* ALConstants.swift */; };
		C2E04F9B239AD42600B39195 /* ALResponseMock.swift in Sources */ = {isa = PBXBuildFile; fileRef = C2E04F9A239AD42600B39195 /* ALResponseMock.swift */; };
		C2F0E44D239A99C00043774E /* AppDelegate.swift in Sources */ = {isa = PBXBuildFile; fileRef = C2F0E44C239A99C00043774E /* AppDelegate.swift */; };
		C2F0E44F239A99C00043774E /* SceneDelegate.swift in Sources */ = {isa = PBXBuildFile; fileRef = C2F0E44E239A99C00043774E /* SceneDelegate.swift */; };
		C2F0E454239A99C00043774E /* Main.storyboard in Resources */ = {isa = PBXBuildFile; fileRef = C2F0E452239A99C00043774E /* Main.storyboard */; };
		C2F0E456239A99C20043774E /* Assets.xcassets in Resources */ = {isa = PBXBuildFile; fileRef = C2F0E455239A99C20043774E /* Assets.xcassets */; };
		C2F0E459239A99C20043774E /* LaunchScreen.storyboard in Resources */ = {isa = PBXBuildFile; fileRef = C2F0E457239A99C20043774E /* LaunchScreen.storyboard */; };
		C2F0E464239A99C20043774E /* AirportLocatorTests.swift in Sources */ = {isa = PBXBuildFile; fileRef = C2F0E463239A99C20043774E /* AirportLocatorTests.swift */; };
/* End PBXBuildFile section */

/* Begin PBXContainerItemProxy section */
		C2F0E460239A99C20043774E /* PBXContainerItemProxy */ = {
			isa = PBXContainerItemProxy;
			containerPortal = C2F0E441239A99C00043774E /* Project object */;
			proxyType = 1;
			remoteGlobalIDString = C2F0E448239A99C00043774E;
			remoteInfo = AirportLocator;
		};
/* End PBXContainerItemProxy section */

/* Begin PBXFileReference section */
		C2E04F8C239AD2BE00B39195 /* AirportsNearbyPresenter.swift */ = {isa = PBXFileReference; lastKnownFileType = sourcecode.swift; path = AirportsNearbyPresenter.swift; sourceTree = "<group>"; };
		C2E04F8D239AD2BE00B39195 /* AirportsNearbyWorker.swift */ = {isa = PBXFileReference; lastKnownFileType = sourcecode.swift; path = AirportsNearbyWorker.swift; sourceTree = "<group>"; };
		C2E04F8E239AD2BE00B39195 /* AirportsNearbyRouter.swift */ = {isa = PBXFileReference; lastKnownFileType = sourcecode.swift; path = AirportsNearbyRouter.swift; sourceTree = "<group>"; };
		C2E04F8F239AD2BE00B39195 /* AirportsNearbyModels.swift */ = {isa = PBXFileReference; lastKnownFileType = sourcecode.swift; path = AirportsNearbyModels.swift; sourceTree = "<group>"; };
		C2E04F90239AD2BE00B39195 /* AirportsNearbyViewController.swift */ = {isa = PBXFileReference; lastKnownFileType = sourcecode.swift; path = AirportsNearbyViewController.swift; sourceTree = "<group>"; };
		C2E04F91239AD2BE00B39195 /* AirportsNearbyInteractor.swift */ = {isa = PBXFileReference; lastKnownFileType = sourcecode.swift; path = AirportsNearbyInteractor.swift; sourceTree = "<group>"; };
		C2E04F98239AD3FD00B39195 /* ALConstants.swift */ = {isa = PBXFileReference; lastKnownFileType = sourcecode.swift; path = ALConstants.swift; sourceTree = "<group>"; };
		C2E04F9A239AD42600B39195 /* ALResponseMock.swift */ = {isa = PBXFileReference; lastKnownFileType = sourcecode.swift; path = ALResponseMock.swift; sourceTree = "<group>"; };
		C2F0E449239A99C00043774E /* AirportLocator.app */ = {isa = PBXFileReference; explicitFileType = wrapper.application; includeInIndex = 0; path = AirportLocator.app; sourceTree = BUILT_PRODUCTS_DIR; };
		C2F0E44C239A99C00043774E /* AppDelegate.swift */ = {isa = PBXFileReference; lastKnownFileType = sourcecode.swift; path = AppDelegate.swift; sourceTree = "<group>"; };
		C2F0E44E239A99C00043774E /* SceneDelegate.swift */ = {isa = PBXFileReference; lastKnownFileType = sourcecode.swift; path = SceneDelegate.swift; sourceTree = "<group>"; };
		C2F0E453239A99C00043774E /* Base */ = {isa = PBXFileReference; lastKnownFileType = file.storyboard; name = Base; path = Base.lproj/Main.storyboard; sourceTree = "<group>"; };
		C2F0E455239A99C20043774E /* Assets.xcassets */ = {isa = PBXFileReference; lastKnownFileType = folder.assetcatalog; path = Assets.xcassets; sourceTree = "<group>"; };
		C2F0E458239A99C20043774E /* Base */ = {isa = PBXFileReference; lastKnownFileType = file.storyboard; name = Base; path = Base.lproj/LaunchScreen.storyboard; sourceTree = "<group>"; };
		C2F0E45A239A99C20043774E /* Info.plist */ = {isa = PBXFileReference; lastKnownFileType = text.plist.xml; path = Info.plist; sourceTree = "<group>"; };
		C2F0E45F239A99C20043774E /* AirportLocatorTests.xctest */ = {isa = PBXFileReference; explicitFileType = wrapper.cfbundle; includeInIndex = 0; path = AirportLocatorTests.xctest; sourceTree = BUILT_PRODUCTS_DIR; };
		C2F0E463239A99C20043774E /* AirportLocatorTests.swift */ = {isa = PBXFileReference; lastKnownFileType = sourcecode.swift; path = AirportLocatorTests.swift; sourceTree = "<group>"; };
		C2F0E465239A99C20043774E /* Info.plist */ = {isa = PBXFileReference; lastKnownFileType = text.plist.xml; path = Info.plist; sourceTree = "<group>"; };
/* End PBXFileReference section */

/* Begin PBXFrameworksBuildPhase section */
		C2F0E446239A99C00043774E /* Frameworks */ = {
			isa = PBXFrameworksBuildPhase;
			buildActionMask = 2147483647;
			files = (
			);
			runOnlyForDeploymentPostprocessing = 0;
		};
		C2F0E45C239A99C20043774E /* Frameworks */ = {
			isa = PBXFrameworksBuildPhase;
			buildActionMask = 2147483647;
			files = (
			);
			runOnlyForDeploymentPostprocessing = 0;
		};
/* End PBXFrameworksBuildPhase section */

/* Begin PBXGroup section */
		C2E04F8A239AD28C00B39195 /* Scenes */ = {
			isa = PBXGroup;
			children = (
				C2E04F8B239AD29200B39195 /* AirportsNearby */,
			);
			path = Scenes;
			sourceTree = "<group>";
		};
		C2E04F8B239AD29200B39195 /* AirportsNearby */ = {
			isa = PBXGroup;
			children = (
				C2E04F90239AD2BE00B39195 /* AirportsNearbyViewController.swift */,
				C2E04F91239AD2BE00B39195 /* AirportsNearbyInteractor.swift */,
				C2E04F8C239AD2BE00B39195 /* AirportsNearbyPresenter.swift */,
				C2E04F8D239AD2BE00B39195 /* AirportsNearbyWorker.swift */,
				C2E04F8E239AD2BE00B39195 /* AirportsNearbyRouter.swift */,
				C2E04F8F239AD2BE00B39195 /* AirportsNearbyModels.swift */,
			);
			path = AirportsNearby;
			sourceTree = "<group>";
		};
		C2F0E440239A99C00043774E = {
			isa = PBXGroup;
			children = (
				C2F0E44B239A99C00043774E /* AirportLocator */,
				C2F0E462239A99C20043774E /* AirportLocatorTests */,
				C2F0E44A239A99C00043774E /* Products */,
			);
			sourceTree = "<group>";
		};
		C2F0E44A239A99C00043774E /* Products */ = {
			isa = PBXGroup;
			children = (
				C2F0E449239A99C00043774E /* AirportLocator.app */,
				C2F0E45F239A99C20043774E /* AirportLocatorTests.xctest */,
			);
			name = Products;
			sourceTree = "<group>";
		};
		C2F0E44B239A99C00043774E /* AirportLocator */ = {
			isa = PBXGroup;
			children = (
				C2E04F8A239AD28C00B39195 /* Scenes */,
				C2F0E44C239A99C00043774E /* AppDelegate.swift */,
				C2F0E44E239A99C00043774E /* SceneDelegate.swift */,
				C2F0E452239A99C00043774E /* Main.storyboard */,
				C2F0E455239A99C20043774E /* Assets.xcassets */,
				C2F0E457239A99C20043774E /* LaunchScreen.storyboard */,
				C2F0E45A239A99C20043774E /* Info.plist */,
				C2E04F98239AD3FD00B39195 /* ALConstants.swift */,
				C2E04F9A239AD42600B39195 /* ALResponseMock.swift */,
			);
			path = AirportLocator;
			sourceTree = "<group>";
		};
		C2F0E462239A99C20043774E /* AirportLocatorTests */ = {
			isa = PBXGroup;
			children = (
				C2F0E463239A99C20043774E /* AirportLocatorTests.swift */,
				C2F0E465239A99C20043774E /* Info.plist */,
			);
			path = AirportLocatorTests;
			sourceTree = "<group>";
		};
/* End PBXGroup section */

/* Begin PBXNativeTarget section */
		C2F0E448239A99C00043774E /* AirportLocator */ = {
			isa = PBXNativeTarget;
			buildConfigurationList = C2F0E468239A99C20043774E /* Build configuration list for PBXNativeTarget "AirportLocator" */;
			buildPhases = (
				C2F0E445239A99C00043774E /* Sources */,
				C2F0E446239A99C00043774E /* Frameworks */,
				C2F0E447239A99C00043774E /* Resources */,
			);
			buildRules = (
			);
			dependencies = (
			);
			name = AirportLocator;
			productName = AirportLocator;
			productReference = C2F0E449239A99C00043774E /* AirportLocator.app */;
			productType = "com.apple.product-type.application";
		};
		C2F0E45E239A99C20043774E /* AirportLocatorTests */ = {
			isa = PBXNativeTarget;
			buildConfigurationList = C2F0E46B239A99C20043774E /* Build configuration list for PBXNativeTarget "AirportLocatorTests" */;
			buildPhases = (
				C2F0E45B239A99C20043774E /* Sources */,
				C2F0E45C239A99C20043774E /* Frameworks */,
				C2F0E45D239A99C20043774E /* Resources */,
			);
			buildRules = (
			);
			dependencies = (
				C2F0E461239A99C20043774E /* PBXTargetDependency */,
			);
			name = AirportLocatorTests;
			productName = AirportLocatorTests;
			productReference = C2F0E45F239A99C20043774E /* AirportLocatorTests.xctest */;
			productType = "com.apple.product-type.bundle.unit-test";
		};
/* End PBXNativeTarget section */

/* Begin PBXProject section */
		C2F0E441239A99C00043774E /* Project object */ = {
			isa = PBXProject;
			attributes = {
				LastSwiftUpdateCheck = 1120;
				LastUpgradeCheck = 1120;
				ORGANIZATIONNAME = "Anish Kumar";
				TargetAttributes = {
					C2F0E448239A99C00043774E = {
						CreatedOnToolsVersion = 11.2.1;
					};
					C2F0E45E239A99C20043774E = {
						CreatedOnToolsVersion = 11.2.1;
						TestTargetID = C2F0E448239A99C00043774E;
					};
				};
			};
			buildConfigurationList = C2F0E444239A99C00043774E /* Build configuration list for PBXProject "AirportLocator" */;
			compatibilityVersion = "Xcode 9.3";
			developmentRegion = en;
			hasScannedForEncodings = 0;
			knownRegions = (
				en,
				Base,
			);
			mainGroup = C2F0E440239A99C00043774E;
			productRefGroup = C2F0E44A239A99C00043774E /* Products */;
			projectDirPath = "";
			projectRoot = "";
			targets = (
				C2F0E448239A99C00043774E /* AirportLocator */,
				C2F0E45E239A99C20043774E /* AirportLocatorTests */,
			);
		};
/* End PBXProject section */

/* Begin PBXResourcesBuildPhase section */
		C2F0E447239A99C00043774E /* Resources */ = {
			isa = PBXResourcesBuildPhase;
			buildActionMask = 2147483647;
			files = (
				C2F0E459239A99C20043774E /* LaunchScreen.storyboard in Resources */,
				C2F0E456239A99C20043774E /* Assets.xcassets in Resources */,
				C2F0E454239A99C00043774E /* Main.storyboard in Resources */,
			);
			runOnlyForDeploymentPostprocessing = 0;
		};
		C2F0E45D239A99C20043774E /* Resources */ = {
			isa = PBXResourcesBuildPhase;
			buildActionMask = 2147483647;
			files = (
			);
			runOnlyForDeploymentPostprocessing = 0;
		};
/* End PBXResourcesBuildPhase section */

/* Begin PBXSourcesBuildPhase section */
		C2F0E445239A99C00043774E /* Sources */ = {
			isa = PBXSourcesBuildPhase;
			buildActionMask = 2147483647;
			files = (
				C2E04F94239AD2BE00B39195 /* AirportsNearbyRouter.swift in Sources */,
				C2E04F97239AD2BE00B39195 /* AirportsNearbyInteractor.swift in Sources */,
				C2E04F93239AD2BE00B39195 /* AirportsNearbyWorker.swift in Sources */,
				C2F0E44D239A99C00043774E /* AppDelegate.swift in Sources */,
				C2E04F99239AD3FD00B39195 /* ALConstants.swift in Sources */,
				C2E04F92239AD2BE00B39195 /* AirportsNearbyPresenter.swift in Sources */,
				C2E04F95239AD2BE00B39195 /* AirportsNearbyModels.swift in Sources */,
				C2E04F9B239AD42600B39195 /* ALResponseMock.swift in Sources */,
				C2F0E44F239A99C00043774E /* SceneDelegate.swift in Sources */,
				C2E04F96239AD2BE00B39195 /* AirportsNearbyViewController.swift in Sources */,
			);
			runOnlyForDeploymentPostprocessing = 0;
		};
		C2F0E45B239A99C20043774E /* Sources */ = {
			isa = PBXSourcesBuildPhase;
			buildActionMask = 2147483647;
			files = (
				C2F0E464239A99C20043774E /* AirportLocatorTests.swift in Sources */,
			);
			runOnlyForDeploymentPostprocessing = 0;
		};
/* End PBXSourcesBuildPhase section */

/* Begin PBXTargetDependency section */
		C2F0E461239A99C20043774E /* PBXTargetDependency */ = {
			isa = PBXTargetDependency;
			target = C2F0E448239A99C00043774E /* AirportLocator */;
			targetProxy = C2F0E460239A99C20043774E /* PBXContainerItemProxy */;
		};
/* End PBXTargetDependency section */

/* Begin PBXVariantGroup section */
		C2F0E452239A99C00043774E /* Main.storyboard */ = {
			isa = PBXVariantGroup;
			children = (
				C2F0E453239A99C00043774E /* Base */,
			);
			name = Main.storyboard;
			sourceTree = "<group>";
		};
		C2F0E457239A99C20043774E /* LaunchScreen.storyboard */ = {
			isa = PBXVariantGroup;
			children = (
				C2F0E458239A99C20043774E /* Base */,
			);
			name = LaunchScreen.storyboard;
			sourceTree = "<group>";
		};
/* End PBXVariantGroup section */

/* Begin XCBuildConfiguration section */
		C2F0E466239A99C20043774E /* Debug */ = {
			isa = XCBuildConfiguration;
			buildSettings = {
				ALWAYS_SEARCH_USER_PATHS = NO;
				CLANG_ANALYZER_NONNULL = YES;
				CLANG_ANALYZER_NUMBER_OBJECT_CONVERSION = YES_AGGRESSIVE;
				CLANG_CXX_LANGUAGE_STANDARD = "gnu++14";
				CLANG_CXX_LIBRARY = "libc++";
				CLANG_ENABLE_MODULES = YES;
				CLANG_ENABLE_OBJC_ARC = YES;
				CLANG_ENABLE_OBJC_WEAK = YES;
				CLANG_WARN_BLOCK_CAPTURE_AUTORELEASING = YES;
				CLANG_WARN_BOOL_CONVERSION = YES;
				CLANG_WARN_COMMA = YES;
				CLANG_WARN_CONSTANT_CONVERSION = YES;
				CLANG_WARN_DEPRECATED_OBJC_IMPLEMENTATIONS = YES;
				CLANG_WARN_DIRECT_OBJC_ISA_USAGE = YES_ERROR;
				CLANG_WARN_DOCUMENTATION_COMMENTS = YES;
				CLANG_WARN_EMPTY_BODY = YES;
				CLANG_WARN_ENUM_CONVERSION = YES;
				CLANG_WARN_INFINITE_RECURSION = YES;
				CLANG_WARN_INT_CONVERSION = YES;
				CLANG_WARN_NON_LITERAL_NULL_CONVERSION = YES;
				CLANG_WARN_OBJC_IMPLICIT_RETAIN_SELF = YES;
				CLANG_WARN_OBJC_LITERAL_CONVERSION = YES;
				CLANG_WARN_OBJC_ROOT_CLASS = YES_ERROR;
				CLANG_WARN_RANGE_LOOP_ANALYSIS = YES;
				CLANG_WARN_STRICT_PROTOTYPES = YES;
				CLANG_WARN_SUSPICIOUS_MOVE = YES;
				CLANG_WARN_UNGUARDED_AVAILABILITY = YES_AGGRESSIVE;
				CLANG_WARN_UNREACHABLE_CODE = YES;
				CLANG_WARN__DUPLICATE_METHOD_MATCH = YES;
				COPY_PHASE_STRIP = NO;
				DEBUG_INFORMATION_FORMAT = dwarf;
				ENABLE_STRICT_OBJC_MSGSEND = YES;
				ENABLE_TESTABILITY = YES;
				GCC_C_LANGUAGE_STANDARD = gnu11;
				GCC_DYNAMIC_NO_PIC = NO;
				GCC_NO_COMMON_BLOCKS = YES;
				GCC_OPTIMIZATION_LEVEL = 0;
				GCC_PREPROCESSOR_DEFINITIONS = (
					"DEBUG=1",
					"$(inherited)",
				);
				GCC_WARN_64_TO_32_BIT_CONVERSION = YES;
				GCC_WARN_ABOUT_RETURN_TYPE = YES_ERROR;
				GCC_WARN_UNDECLARED_SELECTOR = YES;
				GCC_WARN_UNINITIALIZED_AUTOS = YES_AGGRESSIVE;
				GCC_WARN_UNUSED_FUNCTION = YES;
				GCC_WARN_UNUSED_VARIABLE = YES;
				IPHONEOS_DEPLOYMENT_TARGET = 13.2;
				MTL_ENABLE_DEBUG_INFO = INCLUDE_SOURCE;
				MTL_FAST_MATH = YES;
				ONLY_ACTIVE_ARCH = YES;
				SDKROOT = iphoneos;
				SWIFT_ACTIVE_COMPILATION_CONDITIONS = DEBUG;
				SWIFT_OPTIMIZATION_LEVEL = "-Onone";
			};
			name = Debug;
		};
		C2F0E467239A99C20043774E /* Release */ = {
			isa = XCBuildConfiguration;
			buildSettings = {
				ALWAYS_SEARCH_USER_PATHS = NO;
				CLANG_ANALYZER_NONNULL = YES;
				CLANG_ANALYZER_NUMBER_OBJECT_CONVERSION = YES_AGGRESSIVE;
				CLANG_CXX_LANGUAGE_STANDARD = "gnu++14";
				CLANG_CXX_LIBRARY = "libc++";
				CLANG_ENABLE_MODULES = YES;
				CLANG_ENABLE_OBJC_ARC = YES;
				CLANG_ENABLE_OBJC_WEAK = YES;
				CLANG_WARN_BLOCK_CAPTURE_AUTORELEASING = YES;
				CLANG_WARN_BOOL_CONVERSION = YES;
				CLANG_WARN_COMMA = YES;
				CLANG_WARN_CONSTANT_CONVERSION = YES;
				CLANG_WARN_DEPRECATED_OBJC_IMPLEMENTATIONS = YES;
				CLANG_WARN_DIRECT_OBJC_ISA_USAGE = YES_ERROR;
				CLANG_WARN_DOCUMENTATION_COMMENTS = YES;
				CLANG_WARN_EMPTY_BODY = YES;
				CLANG_WARN_ENUM_CONVERSION = YES;
				CLANG_WARN_INFINITE_RECURSION = YES;
				CLANG_WARN_INT_CONVERSION = YES;
				CLANG_WARN_NON_LITERAL_NULL_CONVERSION = YES;
				CLANG_WARN_OBJC_IMPLICIT_RETAIN_SELF = YES;
				CLANG_WARN_OBJC_LITERAL_CONVERSION = YES;
				CLANG_WARN_OBJC_ROOT_CLASS = YES_ERROR;
				CLANG_WARN_RANGE_LOOP_ANALYSIS = YES;
				CLANG_WARN_STRICT_PROTOTYPES = YES;
				CLANG_WARN_SUSPICIOUS_MOVE = YES;
				CLANG_WARN_UNGUARDED_AVAILABILITY = YES_AGGRESSIVE;
				CLANG_WARN_UNREACHABLE_CODE = YES;
				CLANG_WARN__DUPLICATE_METHOD_MATCH = YES;
				COPY_PHASE_STRIP = NO;
				DEBUG_INFORMATION_FORMAT = "dwarf-with-dsym";
				ENABLE_NS_ASSERTIONS = NO;
				ENABLE_STRICT_OBJC_MSGSEND = YES;
				GCC_C_LANGUAGE_STANDARD = gnu11;
				GCC_NO_COMMON_BLOCKS = YES;
				GCC_WARN_64_TO_32_BIT_CONVERSION = YES;
				GCC_WARN_ABOUT_RETURN_TYPE = YES_ERROR;
				GCC_WARN_UNDECLARED_SELECTOR = YES;
				GCC_WARN_UNINITIALIZED_AUTOS = YES_AGGRESSIVE;
				GCC_WARN_UNUSED_FUNCTION = YES;
				GCC_WARN_UNUSED_VARIABLE = YES;
				IPHONEOS_DEPLOYMENT_TARGET = 13.2;
				MTL_ENABLE_DEBUG_INFO = NO;
				MTL_FAST_MATH = YES;
				SDKROOT = iphoneos;
				SWIFT_COMPILATION_MODE = wholemodule;
				SWIFT_OPTIMIZATION_LEVEL = "-O";
				VALIDATE_PRODUCT = YES;
			};
			name = Release;
		};
		C2F0E469239A99C20043774E /* Debug */ = {
			isa = XCBuildConfiguration;
			buildSettings = {
				ASSETCATALOG_COMPILER_APPICON_NAME = AppIcon;
				CODE_SIGN_STYLE = Automatic;
				DEVELOPMENT_TEAM = HU3X6584N9;
				INFOPLIST_FILE = AirportLocator/Info.plist;
				LD_RUNPATH_SEARCH_PATHS = (
					"$(inherited)",
					"@executable_path/Frameworks",
				);
				PRODUCT_BUNDLE_IDENTIFIER = com.anish.AirportLocator;
				PRODUCT_NAME = "$(TARGET_NAME)";
				SWIFT_VERSION = 5.0;
				TARGETED_DEVICE_FAMILY = "1,2";
			};
			name = Debug;
		};
		C2F0E46A239A99C20043774E /* Release */ = {
			isa = XCBuildConfiguration;
			buildSettings = {
				ASSETCATALOG_COMPILER_APPICON_NAME = AppIcon;
				CODE_SIGN_STYLE = Automatic;
				DEVELOPMENT_TEAM = HU3X6584N9;
				INFOPLIST_FILE = AirportLocator/Info.plist;
				LD_RUNPATH_SEARCH_PATHS = (
					"$(inherited)",
					"@executable_path/Frameworks",
				);
				PRODUCT_BUNDLE_IDENTIFIER = com.anish.AirportLocator;
				PRODUCT_NAME = "$(TARGET_NAME)";
				SWIFT_VERSION = 5.0;
				TARGETED_DEVICE_FAMILY = "1,2";
			};
			name = Release;
		};
		C2F0E46C239A99C20043774E /* Debug */ = {
			isa = XCBuildConfiguration;
			buildSettings = {
				ALWAYS_EMBED_SWIFT_STANDARD_LIBRARIES = YES;
				BUNDLE_LOADER = "$(TEST_HOST)";
				CODE_SIGN_STYLE = Automatic;
				DEVELOPMENT_TEAM = HU3X6584N9;
				INFOPLIST_FILE = AirportLocatorTests/Info.plist;
				IPHONEOS_DEPLOYMENT_TARGET = 13.2;
				LD_RUNPATH_SEARCH_PATHS = (
					"$(inherited)",
					"@executable_path/Frameworks",
					"@loader_path/Frameworks",
				);
				PRODUCT_BUNDLE_IDENTIFIER = com.anish.AirportLocatorTests;
				PRODUCT_NAME = "$(TARGET_NAME)";
				SWIFT_VERSION = 5.0;
				TARGETED_DEVICE_FAMILY = "1,2";
				TEST_HOST = "$(BUILT_PRODUCTS_DIR)/AirportLocator.app/AirportLocator";
			};
			name = Debug;
		};
		C2F0E46D239A99C20043774E /* Release */ = {
			isa = XCBuildConfiguration;
			buildSettings = {
				ALWAYS_EMBED_SWIFT_STANDARD_LIBRARIES = YES;
				BUNDLE_LOADER = "$(TEST_HOST)";
				CODE_SIGN_STYLE = Automatic;
				DEVELOPMENT_TEAM = HU3X6584N9;
				INFOPLIST_FILE = AirportLocatorTests/Info.plist;
				IPHONEOS_DEPLOYMENT_TARGET = 13.2;
				LD_RUNPATH_SEARCH_PATHS = (
					"$(inherited)",
					"@executable_path/Frameworks",
					"@loader_path/Frameworks",
				);
				PRODUCT_BUNDLE_IDENTIFIER = com.anish.AirportLocatorTests;
				PRODUCT_NAME = "$(TARGET_NAME)";
				SWIFT_VERSION = 5.0;
				TARGETED_DEVICE_FAMILY = "1,2";
				TEST_HOST = "$(BUILT_PRODUCTS_DIR)/AirportLocator.app/AirportLocator";
			};
			name = Release;
		};
/* End XCBuildConfiguration section */

/* Begin XCConfigurationList section */
		C2F0E444239A99C00043774E /* Build configuration list for PBXProject "AirportLocator" */ = {
			isa = XCConfigurationList;
			buildConfigurations = (
				C2F0E466239A99C20043774E /* Debug */,
				C2F0E467239A99C20043774E /* Release */,
			);
			defaultConfigurationIsVisible = 0;
			defaultConfigurationName = Release;
		};
		C2F0E468239A99C20043774E /* Build configuration list for PBXNativeTarget "AirportLocator" */ = {
			isa = XCConfigurationList;
			buildConfigurations = (
				C2F0E469239A99C20043774E /* Debug */,
				C2F0E46A239A99C20043774E /* Release */,
			);
			defaultConfigurationIsVisible = 0;
			defaultConfigurationName = Release;
		};
		C2F0E46B239A99C20043774E /* Build configuration list for PBXNativeTarget "AirportLocatorTests" */ = {
			isa = XCConfigurationList;
			buildConfigurations = (
				C2F0E46C239A99C20043774E /* Debug */,
				C2F0E46D239A99C20043774E /* Release */,
			);
			defaultConfigurationIsVisible = 0;
			defaultConfigurationName = Release;
		};
/* End XCConfigurationList section */
	};
	rootObject = C2F0E441239A99C00043774E /* Project object */;
}
